// !$*UTF8*$!
{
	archiveVersion = 1;
	classes = {
	};
	objectVersion = 50;
	objects = {

/* Begin PBXBuildFile section */
		D094D8DB2144E75400B9E0FF /* AppDelegate.swift in Sources */ = {isa = PBXBuildFile; fileRef = D094D8DA2144E75400B9E0FF /* AppDelegate.swift */; };
		D094D8DD2144E75400B9E0FF /* ViewController.swift in Sources */ = {isa = PBXBuildFile; fileRef = D094D8DC2144E75400B9E0FF /* ViewController.swift */; };
		D094D8E02144E75400B9E0FF /* Main.storyboard in Resources */ = {isa = PBXBuildFile; fileRef = D094D8DE2144E75400B9E0FF /* Main.storyboard */; };
		D094D8E32144E75400B9E0FF /* AlfieSoundProject.xcdatamodeld in Sources */ = {isa = PBXBuildFile; fileRef = D094D8E12144E75400B9E0FF /* AlfieSoundProject.xcdatamodeld */; };
		D094D8E52144E75400B9E0FF /* Assets.xcassets in Resources */ = {isa = PBXBuildFile; fileRef = D094D8E42144E75400B9E0FF /* Assets.xcassets */; };
		D094D8E82144E75400B9E0FF /* LaunchScreen.storyboard in Resources */ = {isa = PBXBuildFile; fileRef = D094D8E62144E75400B9E0FF /* LaunchScreen.storyboard */; };
		D094D8F02144E76A00B9E0FF /* IMG_1037.JPG in Resources */ = {isa = PBXBuildFile; fileRef = D094D8EF2144E76A00B9E0FF /* IMG_1037.JPG */; };
		D094D8F52144F18800B9E0FF /* AlfieEh.m4a in Resources */ = {isa = PBXBuildFile; fileRef = D094D8F12144F18800B9E0FF /* AlfieEh.m4a */; };
		D094D8F62144F18800B9E0FF /* AlfieStop.m4a in Resources */ = {isa = PBXBuildFile; fileRef = D094D8F22144F18800B9E0FF /* AlfieStop.m4a */; };
		D094D8F72144F18800B9E0FF /* AlfieBone.m4a in Resources */ = {isa = PBXBuildFile; fileRef = D094D8F32144F18800B9E0FF /* AlfieBone.m4a */; };
		D094D8F82144F18800B9E0FF /* AlfieGoodBoy.m4a in Resources */ = {isa = PBXBuildFile; fileRef = D094D8F42144F18800B9E0FF /* AlfieGoodBoy.m4a */; };
/* End PBXBuildFile section */

/* Begin PBXFileReference section */
		D094D8D72144E75400B9E0FF /* AlfieSoundProject.app */ = {isa = PBXFileReference; explicitFileType = wrapper.application; includeInIndex = 0; path = AlfieSoundProject.app; sourceTree = BUILT_PRODUCTS_DIR; };
		D094D8DA2144E75400B9E0FF /* AppDelegate.swift */ = {isa = PBXFileReference; lastKnownFileType = sourcecode.swift; path = AppDelegate.swift; sourceTree = "<group>"; };
		D094D8DC2144E75400B9E0FF /* ViewController.swift */ = {isa = PBXFileReference; lastKnownFileType = sourcecode.swift; path = ViewController.swift; sourceTree = "<group>"; };
		D094D8DF2144E75400B9E0FF /* Base */ = {isa = PBXFileReference; lastKnownFileType = file.storyboard; name = Base; path = Base.lproj/Main.storyboard; sourceTree = "<group>"; };
		D094D8E22144E75400B9E0FF /* AlfieSoundProject.xcdatamodel */ = {isa = PBXFileReference; lastKnownFileType = wrapper.xcdatamodel; path = AlfieSoundProject.xcdatamodel; sourceTree = "<group>"; };
		D094D8E42144E75400B9E0FF /* Assets.xcassets */ = {isa = PBXFileReference; lastKnownFileType = folder.assetcatalog; path = Assets.xcassets; sourceTree = "<group>"; };
		D094D8E72144E75400B9E0FF /* Base */ = {isa = PBXFileReference; lastKnownFileType = file.storyboard; name = Base; path = Base.lproj/LaunchScreen.storyboard; sourceTree = "<group>"; };
		D094D8E92144E75400B9E0FF /* Info.plist */ = {isa = PBXFileReference; lastKnownFileType = text.plist.xml; path = Info.plist; sourceTree = "<group>"; };
		D094D8EF2144E76A00B9E0FF /* IMG_1037.JPG */ = {isa = PBXFileReference; lastKnownFileType = image.jpeg; path = IMG_1037.JPG; sourceTree = "<group>"; };
		D094D8F12144F18800B9E0FF /* AlfieEh.m4a */ = {isa = PBXFileReference; lastKnownFileType = file; path = AlfieEh.m4a; sourceTree = "<group>"; };
		D094D8F22144F18800B9E0FF /* AlfieStop.m4a */ = {isa = PBXFileReference; lastKnownFileType = file; path = AlfieStop.m4a; sourceTree = "<group>"; };
		D094D8F32144F18800B9E0FF /* AlfieBone.m4a */ = {isa = PBXFileReference; lastKnownFileType = file; path = AlfieBone.m4a; sourceTree = "<group>"; };
		D094D8F42144F18800B9E0FF /* AlfieGoodBoy.m4a */ = {isa = PBXFileReference; lastKnownFileType = file; path = AlfieGoodBoy.m4a; sourceTree = "<group>"; };
/* End PBXFileReference section */

/* Begin PBXFrameworksBuildPhase section */
		D094D8D42144E75400B9E0FF /* Frameworks */ = {
			isa = PBXFrameworksBuildPhase;
			buildActionMask = 2147483647;
			files = (
			);
			runOnlyForDeploymentPostprocessing = 0;
		};
/* End PBXFrameworksBuildPhase section */

/* Begin PBXGroup section */
		D094D8CE2144E75400B9E0FF = {
			isa = PBXGroup;
			children = (
				D094D8D92144E75400B9E0FF /* AlfieSoundProject */,
				D094D8D82144E75400B9E0FF /* Products */,
			);
			sourceTree = "<group>";
		};
		D094D8D82144E75400B9E0FF /* Products */ = {
			isa = PBXGroup;
			children = (
				D094D8D72144E75400B9E0FF /* AlfieSoundProject.app */,
			);
			name = Products;
			sourceTree = "<group>";
		};
		D094D8D92144E75400B9E0FF /* AlfieSoundProject */ = {
			isa = PBXGroup;
			children = (
				D094D8F32144F18800B9E0FF /* AlfieBone.m4a */,
				D094D8F12144F18800B9E0FF /* AlfieEh.m4a */,
				D094D8F42144F18800B9E0FF /* AlfieGoodBoy.m4a */,
				D094D8F22144F18800B9E0FF /* AlfieStop.m4a */,
				D094D8EF2144E76A00B9E0FF /* IMG_1037.JPG */,
				D094D8DA2144E75400B9E0FF /* AppDelegate.swift */,
				D094D8DC2144E75400B9E0FF /* ViewController.swift */,
				D094D8DE2144E75400B9E0FF /* Main.storyboard */,
				D094D8E42144E75400B9E0FF /* Assets.xcassets */,
				D094D8E62144E75400B9E0FF /* LaunchScreen.storyboard */,
				D094D8E92144E75400B9E0FF /* Info.plist */,
				D094D8E12144E75400B9E0FF /* AlfieSoundProject.xcdatamodeld */,
			);
			path = AlfieSoundProject;
			sourceTree = "<group>";
		};
/* End PBXGroup section */

/* Begin PBXNativeTarget section */
		D094D8D62144E75400B9E0FF /* AlfieSoundProject */ = {
			isa = PBXNativeTarget;
			buildConfigurationList = D094D8EC2144E75400B9E0FF /* Build configuration list for PBXNativeTarget "AlfieSoundProject" */;
			buildPhases = (
				D094D8D32144E75400B9E0FF /* Sources */,
				D094D8D42144E75400B9E0FF /* Frameworks */,
				D094D8D52144E75400B9E0FF /* Resources */,
			);
			buildRules = (
			);
			dependencies = (
			);
			name = AlfieSoundProject;
			productName = AlfieSoundProject;
			productReference = D094D8D72144E75400B9E0FF /* AlfieSoundProject.app */;
			productType = "com.apple.product-type.application";
		};
/* End PBXNativeTarget section */

/* Begin PBXProject section */
		D094D8CF2144E75400B9E0FF /* Project object */ = {
			isa = PBXProject;
			attributes = {
				LastSwiftUpdateCheck = 0940;
				LastUpgradeCheck = 0940;
				ORGANIZATIONNAME = "Amanda Demetrio";
				TargetAttributes = {
					D094D8D62144E75400B9E0FF = {
						CreatedOnToolsVersion = 9.4.1;
					};
				};
			};
			buildConfigurationList = D094D8D22144E75400B9E0FF /* Build configuration list for PBXProject "AlfieSoundProject" */;
			compatibilityVersion = "Xcode 9.3";
			developmentRegion = en;
			hasScannedForEncodings = 0;
			knownRegions = (
				en,
				Base,
			);
			mainGroup = D094D8CE2144E75400B9E0FF;
			productRefGroup = D094D8D82144E75400B9E0FF /* Products */;
			projectDirPath = "";
			projectRoot = "";
			targets = (
				D094D8D62144E75400B9E0FF /* AlfieSoundProject */,
			);
		};
/* End PBXProject section */

/* Begin PBXResourcesBuildPhase section */
		D094D8D52144E75400B9E0FF /* Resources */ = {
			isa = PBXResourcesBuildPhase;
			buildActionMask = 2147483647;
			files = (
				D094D8F72144F18800B9E0FF /* AlfieBone.m4a in Resources */,
				D094D8F62144F18800B9E0FF /* AlfieStop.m4a in Resources */,
				D094D8E82144E75400B9E0FF /* LaunchScreen.storyboard in Resources */,
				D094D8E52144E75400B9E0FF /* Assets.xcassets in Resources */,
				D094D8F82144F18800B9E0FF /* AlfieGoodBoy.m4a in Resources */,
				D094D8F02144E76A00B9E0FF /* IMG_1037.JPG in Resources */,
				D094D8E02144E75400B9E0FF /* Main.storyboard in Resources */,
				D094D8F52144F18800B9E0FF /* AlfieEh.m4a in Resources */,
			);
			runOnlyForDeploymentPostprocessing = 0;
		};
/* End PBXResourcesBuildPhase section */

/* Begin PBXSourcesBuildPhase section */
		D094D8D32144E75400B9E0FF /* Sources */ = {
			isa = PBXSourcesBuildPhase;
			buildActionMask = 2147483647;
			files = (
				D094D8DD2144E75400B9E0FF /* ViewController.swift in Sources */,
				D094D8E32144E75400B9E0FF /* AlfieSoundProject.xcdatamodeld in Sources */,
				D094D8DB2144E75400B9E0FF /* AppDelegate.swift in Sources */,
			);
			runOnlyForDeploymentPostprocessing = 0;
		};
/* End PBXSourcesBuildPhase section */

/* Begin PBXVariantGroup section */
		D094D8DE2144E75400B9E0FF /* Main.storyboard */ = {
			isa = PBXVariantGroup;
			children = (
				D094D8DF2144E75400B9E0FF /* Base */,
			);
			name = Main.storyboard;
			sourceTree = "<group>";
		};
		D094D8E62144E75400B9E0FF /* LaunchScreen.storyboard */ = {
			isa = PBXVariantGroup;
			children = (
				D094D8E72144E75400B9E0FF /* Base */,
			);
			name = LaunchScreen.storyboard;
			sourceTree = "<group>";
		};
/* End PBXVariantGroup section */

/* Begin XCBuildConfiguration section */
		D094D8EA2144E75400B9E0FF /* Debug */ = {
			isa = XCBuildConfiguration;
			buildSettings = {
				ALWAYS_SEARCH_USER_PATHS = NO;
				CLANG_ANALYZER_NONNULL = YES;
				CLANG_ANALYZER_NUMBER_OBJECT_CONVERSION = YES_AGGRESSIVE;
				CLANG_CXX_LANGUAGE_STANDARD = "gnu++14";
				CLANG_CXX_LIBRARY = "libc++";
				CLANG_ENABLE_MODULES = YES;
				CLANG_ENABLE_OBJC_ARC = YES;
				CLANG_ENABLE_OBJC_WEAK = YES;
				CLANG_WARN_BLOCK_CAPTURE_AUTORELEASING = YES;
				CLANG_WARN_BOOL_CONVERSION = YES;
				CLANG_WARN_COMMA = YES;
				CLANG_WARN_CONSTANT_CONVERSION = YES;
				CLANG_WARN_DEPRECATED_OBJC_IMPLEMENTATIONS = YES;
				CLANG_WARN_DIRECT_OBJC_ISA_USAGE = YES_ERROR;
				CLANG_WARN_DOCUMENTATION_COMMENTS = YES;
				CLANG_WARN_EMPTY_BODY = YES;
				CLANG_WARN_ENUM_CONVERSION = YES;
				CLANG_WARN_INFINITE_RECURSION = YES;
				CLANG_WARN_INT_CONVERSION = YES;
				CLANG_WARN_NON_LITERAL_NULL_CONVERSION = YES;
				CLANG_WARN_OBJC_IMPLICIT_RETAIN_SELF = YES;
				CLANG_WARN_OBJC_LITERAL_CONVERSION = YES;
				CLANG_WARN_OBJC_ROOT_CLASS = YES_ERROR;
				CLANG_WARN_RANGE_LOOP_ANALYSIS = YES;
				CLANG_WARN_STRICT_PROTOTYPES = YES;
				CLANG_WARN_SUSPICIOUS_MOVE = YES;
				CLANG_WARN_UNGUARDED_AVAILABILITY = YES_AGGRESSIVE;
				CLANG_WARN_UNREACHABLE_CODE = YES;
				CLANG_WARN__DUPLICATE_METHOD_MATCH = YES;
				CODE_SIGN_IDENTITY = "iPhone Developer";
				COPY_PHASE_STRIP = NO;
				DEBUG_INFORMATION_FORMAT = dwarf;
				ENABLE_STRICT_OBJC_MSGSEND = YES;
				ENABLE_TESTABILITY = YES;
				GCC_C_LANGUAGE_STANDARD = gnu11;
				GCC_DYNAMIC_NO_PIC = NO;
				GCC_NO_COMMON_BLOCKS = YES;
				GCC_OPTIMIZATION_LEVEL = 0;
				GCC_PREPROCESSOR_DEFINITIONS = (
					"DEBUG=1",
					"$(inherited)",
				);
				GCC_WARN_64_TO_32_BIT_CONVERSION = YES;
				GCC_WARN_ABOUT_RETURN_TYPE = YES_ERROR;
				GCC_WARN_UNDECLARED_SELECTOR = YES;
				GCC_WARN_UNINITIALIZED_AUTOS = YES_AGGRESSIVE;
				GCC_WARN_UNUSED_FUNCTION = YES;
				GCC_WARN_UNUSED_VARIABLE = YES;
				IPHONEOS_DEPLOYMENT_TARGET = 11.4;
				MTL_ENABLE_DEBUG_INFO = YES;
				ONLY_ACTIVE_ARCH = YES;
				SDKROOT = iphoneos;
				SWIFT_ACTIVE_COMPILATION_CONDITIONS = DEBUG;
				SWIFT_OPTIMIZATION_LEVEL = "-Onone";
			};
			name = Debug;
		};
		D094D8EB2144E75400B9E0FF /* Release */ = {
			isa = XCBuildConfiguration;
			buildSettings = {
				ALWAYS_SEARCH_USER_PATHS = NO;
				CLANG_ANALYZER_NONNULL = YES;
				CLANG_ANALYZER_NUMBER_OBJECT_CONVERSION = YES_AGGRESSIVE;
				CLANG_CXX_LANGUAGE_STANDARD = "gnu++14";
				CLANG_CXX_LIBRARY = "libc++";
				CLANG_ENABLE_MODULES = YES;
				CLANG_ENABLE_OBJC_ARC = YES;
				CLANG_ENABLE_OBJC_WEAK = YES;
				CLANG_WARN_BLOCK_CAPTURE_AUTORELEASING = YES;
				CLANG_WARN_BOOL_CONVERSION = YES;
				CLANG_WARN_COMMA = YES;
				CLANG_WARN_CONSTANT_CONVERSION = YES;
				CLANG_WARN_DEPRECATED_OBJC_IMPLEMENTATIONS = YES;
				CLANG_WARN_DIRECT_OBJC_ISA_USAGE = YES_ERROR;
				CLANG_WARN_DOCUMENTATION_COMMENTS = YES;
				CLANG_WARN_EMPTY_BODY = YES;
				CLANG_WARN_ENUM_CONVERSION = YES;
				CLANG_WARN_INFINITE_RECURSION = YES;
				CLANG_WARN_INT_CONVERSION = YES;
				CLANG_WARN_NON_LITERAL_NULL_CONVERSION = YES;
				CLANG_WARN_OBJC_IMPLICIT_RETAIN_SELF = YES;
				CLANG_WARN_OBJC_LITERAL_CONVERSION = YES;
				CLANG_WARN_OBJC_ROOT_CLASS = YES_ERROR;
				CLANG_WARN_RANGE_LOOP_ANALYSIS = YES;
				CLANG_WARN_STRICT_PROTOTYPES = YES;
				CLANG_WARN_SUSPICIOUS_MOVE = YES;
				CLANG_WARN_UNGUARDED_AVAILABILITY = YES_AGGRESSIVE;
				CLANG_WARN_UNREACHABLE_CODE = YES;
				CLANG_WARN__DUPLICATE_METHOD_MATCH = YES;
				CODE_SIGN_IDENTITY = "iPhone Developer";
				COPY_PHASE_STRIP = NO;
				DEBUG_INFORMATION_FORMAT = "dwarf-with-dsym";
				ENABLE_NS_ASSERTIONS = NO;
				ENABLE_STRICT_OBJC_MSGSEND = YES;
				GCC_C_LANGUAGE_STANDARD = gnu11;
				GCC_NO_COMMON_BLOCKS = YES;
				GCC_WARN_64_TO_32_BIT_CONVERSION = YES;
				GCC_WARN_ABOUT_RETURN_TYPE = YES_ERROR;
				GCC_WARN_UNDECLARED_SELECTOR = YES;
				GCC_WARN_UNINITIALIZED_AUTOS = YES_AGGRESSIVE;
				GCC_WARN_UNUSED_FUNCTION = YES;
				GCC_WARN_UNUSED_VARIABLE = YES;
				IPHONEOS_DEPLOYMENT_TARGET = 11.4;
				MTL_ENABLE_DEBUG_INFO = NO;
				SDKROOT = iphoneos;
				SWIFT_COMPILATION_MODE = wholemodule;
				SWIFT_OPTIMIZATION_LEVEL = "-O";
				VALIDATE_PRODUCT = YES;
			};
			name = Release;
		};
		D094D8ED2144E75400B9E0FF /* Debug */ = {
			isa = XCBuildConfiguration;
			buildSettings = {
				ASSETCATALOG_COMPILER_APPICON_NAME = AppIcon;
				CODE_SIGN_STYLE = Automatic;
				DEVELOPMENT_TEAM = Y3JS8H9524;
				INFOPLIST_FILE = AlfieSoundProject/Info.plist;
				LD_RUNPATH_SEARCH_PATHS = (
					"$(inherited)",
					"@executable_path/Frameworks",
				);
				PRODUCT_BUNDLE_IDENTIFIER = com.amandademetrio.AlfieSoundProject;
				PRODUCT_NAME = "$(TARGET_NAME)";
				SWIFT_VERSION = 4.0;
				TARGETED_DEVICE_FAMILY = "1,2";
			};
			name = Debug;
		};
		D094D8EE2144E75400B9E0FF /* Release */ = {
			isa = XCBuildConfiguration;
			buildSettings = {
				ASSETCATALOG_COMPILER_APPICON_NAME = AppIcon;
				CODE_SIGN_STYLE = Automatic;
				DEVELOPMENT_TEAM = Y3JS8H9524;
				INFOPLIST_FILE = AlfieSoundProject/Info.plist;
				LD_RUNPATH_SEARCH_PATHS = (
					"$(inherited)",
					"@executable_path/Frameworks",
				);
				PRODUCT_BUNDLE_IDENTIFIER = com.amandademetrio.AlfieSoundProject;
				PRODUCT_NAME = "$(TARGET_NAME)";
				SWIFT_VERSION = 4.0;
				TARGETED_DEVICE_FAMILY = "1,2";
			};
			name = Release;
		};
/* End XCBuildConfiguration section */

/* Begin XCConfigurationList section */
		D094D8D22144E75400B9E0FF /* Build configuration list for PBXProject "AlfieSoundProject" */ = {
			isa = XCConfigurationList;
			buildConfigurations = (
				D094D8EA2144E75400B9E0FF /* Debug */,
				D094D8EB2144E75400B9E0FF /* Release */,
			);
			defaultConfigurationIsVisible = 0;
			defaultConfigurationName = Release;
		};
		D094D8EC2144E75400B9E0FF /* Build configuration list for PBXNativeTarget "AlfieSoundProject" */ = {
			isa = XCConfigurationList;
			buildConfigurations = (
				D094D8ED2144E75400B9E0FF /* Debug */,
				D094D8EE2144E75400B9E0FF /* Release */,
			);
			defaultConfigurationIsVisible = 0;
			defaultConfigurationName = Release;
		};
/* End XCConfigurationList section */

/* Begin XCVersionGroup section */
		D094D8E12144E75400B9E0FF /* AlfieSoundProject.xcdatamodeld */ = {
			isa = XCVersionGroup;
			children = (
				D094D8E22144E75400B9E0FF /* AlfieSoundProject.xcdatamodel */,
			);
			currentVersion = D094D8E22144E75400B9E0FF /* AlfieSoundProject.xcdatamodel */;
			path = AlfieSoundProject.xcdatamodeld;
			sourceTree = "<group>";
			versionGroupType = wrapper.xcdatamodel;
		};
/* End XCVersionGroup section */
	};
	rootObject = D094D8CF2144E75400B9E0FF /* Project object */;
}
